
Microsoft Visual Studio Solution File, Format Version 12.00
# Visual Studio 14
VisualStudioVersion = 14.0.25123.0
MinimumVisualStudioVersion = 10.0.40219.1
Project("{FAE04EC0-301F-11D3-BF4B-00C04F79EFBC}") = "BarDetection", "BarDetection\BarDetection.csproj", "{F9B008DB-B83A-4FBB-8875-914EFFD17BF1}"
EndProject
Project("{FAE04EC0-301F-11D3-BF4B-00C04F79EFBC}") = "WeightLifting", "WeightLifting\WeightLifting.csproj", "{0E0C9EA9-817D-4EB9-BF08-C4A2757BE470}"
EndProject
Global
	GlobalSection(SolutionConfigurationPlatforms) = preSolution
		Debug|Any CPU = Debug|Any CPU
		Release|Any CPU = Release|Any CPU
	EndGlobalSection
	GlobalSection(ProjectConfigurationPlatforms) = postSolution
		{F9B008DB-B83A-4FBB-8875-914EFFD17BF1}.Debug|Any CPU.ActiveCfg = Debug|Any CPU
		{F9B008DB-B83A-4FBB-8875-914EFFD17BF1}.Debug|Any CPU.Build.0 = Debug|Any CPU
		{F9B008DB-B83A-4FBB-8875-914EFFD17BF1}.Release|Any CPU.ActiveCfg = Release|Any CPU
		{F9B008DB-B83A-4FBB-8875-914EFFD17BF1}.Release|Any CPU.Build.0 = Release|Any CPU
		{0E0C9EA9-817D-4EB9-BF08-C4A2757BE470}.Debug|Any CPU.ActiveCfg = Debug|Any CPU
		{0E0C9EA9-817D-4EB9-BF08-C4A2757BE470}.Debug|Any CPU.Build.0 = Debug|Any CPU
		{0E0C9EA9-817D-4EB9-BF08-C4A2757BE470}.Release|Any CPU.ActiveCfg = Release|Any CPU
		{0E0C9EA9-817D-4EB9-BF08-C4A2757BE470}.Release|Any CPU.Build.0 = Release|Any CPU
	EndGlobalSection
	GlobalSection(SolutionProperties) = preSolution
		HideSolutionNode = FALSE
	EndGlobalSection
EndGlobal
